
Microsoft Visual Studio Solution File, Format Version 12.00
# Visual Studio 15
VisualStudioVersion = 15.0.28307.329
MinimumVisualStudioVersion = 10.0.40219.1
Project("{FAE04EC0-301F-11D3-BF4B-00C04F79EFBC}") = "ConsoleApp1", "ConsoleApp1\ConsoleApp1.csproj", "{8A6B65AB-6311-46B7-AC26-9AA0CE35DC95}"
EndProject
Global
	GlobalSection(SolutionConfigurationPlatforms) = preSolution
		Debug|Any CPU = Debug|Any CPU
		Release|Any CPU = Release|Any CPU
	EndGlobalSection
	GlobalSection(ProjectConfigurationPlatforms) = postSolution
		{8A6B65AB-6311-46B7-AC26-9AA0CE35DC95}.Debug|Any CPU.ActiveCfg = Debug|Any CPU
		{8A6B65AB-6311-46B7-AC26-9AA0CE35DC95}.Debug|Any CPU.Build.0 = Debug|Any CPU
		{8A6B65AB-6311-46B7-AC26-9AA0CE35DC95}.Release|Any CPU.ActiveCfg = Release|Any CPU
		{8A6B65AB-6311-46B7-AC26-9AA0CE35DC95}.Release|Any CPU.Build.0 = Release|Any CPU
	EndGlobalSection
	GlobalSection(SolutionProperties) = preSolution
		HideSolutionNode = FALSE
	EndGlobalSection
	GlobalSection(ExtensibilityGlobals) = postSolution
		SolutionGuid = {605B30CF-CDAE-466F-8D51-9CAF5A91BB2E}
	EndGlobalSection
EndGlobal
